
Microsoft Visual Studio Solution File, Format Version 12.00
# Visual Studio Version 16
VisualStudioVersion = 16.0.29613.14
MinimumVisualStudioVersion = 10.0.40219.1
Project("{FAE04EC0-301F-11D3-BF4B-00C04F79EFBC}") = "BackgroundSwitcher", "BackgroundSwitcher\BackgroundSwitcher.csproj", "{787F7471-4EB9-4F4D-9777-426810035FAE}"
EndProject
Project("{54435603-DBB4-11D2-8724-00A0C9A8B90C}") = "BackgroundSwitcherSetup", "BackgroundSwitcherSetup\BackgroundSwitcherSetup.vdproj", "{6DC53151-7D1E-4655-9AA5-C448253697AC}"
EndProject
Global
	GlobalSection(SolutionConfigurationPlatforms) = preSolution
		Debug|Any CPU = Debug|Any CPU
		Release|Any CPU = Release|Any CPU
	EndGlobalSection
	GlobalSection(ProjectConfigurationPlatforms) = postSolution
		{787F7471-4EB9-4F4D-9777-426810035FAE}.Debug|Any CPU.ActiveCfg = Debug|Any CPU
		{787F7471-4EB9-4F4D-9777-426810035FAE}.Debug|Any CPU.Build.0 = Debug|Any CPU
		{787F7471-4EB9-4F4D-9777-426810035FAE}.Release|Any CPU.ActiveCfg = Release|Any CPU
		{787F7471-4EB9-4F4D-9777-426810035FAE}.Release|Any CPU.Build.0 = Release|Any CPU
		{6DC53151-7D1E-4655-9AA5-C448253697AC}.Debug|Any CPU.ActiveCfg = Debug
		{6DC53151-7D1E-4655-9AA5-C448253697AC}.Release|Any CPU.ActiveCfg = Release
	EndGlobalSection
	GlobalSection(SolutionProperties) = preSolution
		HideSolutionNode = FALSE
	EndGlobalSection
	GlobalSection(ExtensibilityGlobals) = postSolution
		SolutionGuid = {71D6F14F-2BE4-4F4E-BA7B-97587BC0BE5B}
	EndGlobalSection
EndGlobal
